
Microsoft Visual Studio Solution File, Format Version 12.00
# Visual Studio 2013
VisualStudioVersion = 12.0.31101.0
MinimumVisualStudioVersion = 10.0.40219.1
Project("{FAE04EC0-301F-11D3-BF4B-00C04F79EFBC}") = "DAL", "DAL\DAL.csproj", "{EAF96ECA-33C4-47DC-8F67-316409A52A21}"
EndProject
Project("{FAE04EC0-301F-11D3-BF4B-00C04F79EFBC}") = "IHMBackOffice", "IHMBackOffice\IHMBackOffice.csproj", "{3E4B36F6-58F6-4889-BF30-85C73F5A1E5F}"
EndProject
Project("{FAE04EC0-301F-11D3-BF4B-00C04F79EFBC}") = "IHMWeb", "IHMWeb\IHMWeb.csproj", "{AA8A728D-4784-4D63-B735-E3C3AE06D41C}"
EndProject
Global
	GlobalSection(SolutionConfigurationPlatforms) = preSolution
		Debug|Any CPU = Debug|Any CPU
		Release|Any CPU = Release|Any CPU
	EndGlobalSection
	GlobalSection(ProjectConfigurationPlatforms) = postSolution
		{EAF96ECA-33C4-47DC-8F67-316409A52A21}.Debug|Any CPU.ActiveCfg = Debug|Any CPU
		{EAF96ECA-33C4-47DC-8F67-316409A52A21}.Debug|Any CPU.Build.0 = Debug|Any CPU
		{EAF96ECA-33C4-47DC-8F67-316409A52A21}.Release|Any CPU.ActiveCfg = Release|Any CPU
		{EAF96ECA-33C4-47DC-8F67-316409A52A21}.Release|Any CPU.Build.0 = Release|Any CPU
		{3E4B36F6-58F6-4889-BF30-85C73F5A1E5F}.Debug|Any CPU.ActiveCfg = Debug|Any CPU
		{3E4B36F6-58F6-4889-BF30-85C73F5A1E5F}.Debug|Any CPU.Build.0 = Debug|Any CPU
		{3E4B36F6-58F6-4889-BF30-85C73F5A1E5F}.Release|Any CPU.ActiveCfg = Release|Any CPU
		{3E4B36F6-58F6-4889-BF30-85C73F5A1E5F}.Release|Any CPU.Build.0 = Release|Any CPU
		{AA8A728D-4784-4D63-B735-E3C3AE06D41C}.Debug|Any CPU.ActiveCfg = Debug|Any CPU
		{AA8A728D-4784-4D63-B735-E3C3AE06D41C}.Debug|Any CPU.Build.0 = Debug|Any CPU
		{AA8A728D-4784-4D63-B735-E3C3AE06D41C}.Release|Any CPU.ActiveCfg = Release|Any CPU
		{AA8A728D-4784-4D63-B735-E3C3AE06D41C}.Release|Any CPU.Build.0 = Release|Any CPU
	EndGlobalSection
	GlobalSection(SolutionProperties) = preSolution
		HideSolutionNode = FALSE
	EndGlobalSection
EndGlobal
